
Microsoft Visual Studio Solution File, Format Version 12.00
# Visual Studio 2012
Project("{FAE04EC0-301F-11D3-BF4B-00C04F79EFBC}") = "Simple.Messaging", "Simple.Messaging\Simple.Messaging.csproj", "{42E48DE5-44CC-44E1-87BC-E19E3E38535F}"
EndProject
Project("{FAE04EC0-301F-11D3-BF4B-00C04F79EFBC}") = "Simple.Messaging.MsMq", "Simple.Messaging.MsMq\Simple.Messaging.MsMq.csproj", "{609B3A6D-1B1F-4938-B265-595186B2A694}"
EndProject
Project("{FAE04EC0-301F-11D3-BF4B-00C04F79EFBC}") = "Simple.Messaging.AmazonSqs", "Simple.Messaging.AmazonSqs\Simple.Messaging.AmazonSqs.csproj", "{4C93FE07-741E-41EA-B1B3-F8EA3A6A5074}"
EndProject
Project("{FAE04EC0-301F-11D3-BF4B-00C04F79EFBC}") = "Simple.Messaging.RabbitMq", "Simple.Messaging.RabbitMq\Simple.Messaging.RabbitMq.csproj", "{39B1C948-41C3-4ECC-8F8B-40E7A8B99DA6}"
EndProject
Project("{2150E333-8FDC-42A3-9474-1A3956D46DE8}") = "Tests", "Tests", "{A996DC18-E8EA-4209-9755-13A2A2DF5AF1}"
EndProject
Project("{FAE04EC0-301F-11D3-BF4B-00C04F79EFBC}") = "Simple.Messaging.MsMq.Tests", "Simple.Messaging.MsMq.Tests\Simple.Messaging.MsMq.Tests.csproj", "{3FD8E0B6-81DB-47A8-A468-294F8DBF45F4}"
EndProject
Project("{FAE04EC0-301F-11D3-BF4B-00C04F79EFBC}") = "Simple.Messaging.RabbitMq.Tests", "Simple.Messaging.RabbitMq.Tests\Simple.Messaging.RabbitMq.Tests.csproj", "{8429A397-27AC-4763-BA7B-45D1EFDB8281}"
EndProject
Global
	GlobalSection(SolutionConfigurationPlatforms) = preSolution
		Debug|Any CPU = Debug|Any CPU
		Release|Any CPU = Release|Any CPU
	EndGlobalSection
	GlobalSection(ProjectConfigurationPlatforms) = postSolution
		{42E48DE5-44CC-44E1-87BC-E19E3E38535F}.Debug|Any CPU.ActiveCfg = Debug|Any CPU
		{42E48DE5-44CC-44E1-87BC-E19E3E38535F}.Debug|Any CPU.Build.0 = Debug|Any CPU
		{42E48DE5-44CC-44E1-87BC-E19E3E38535F}.Release|Any CPU.ActiveCfg = Release|Any CPU
		{42E48DE5-44CC-44E1-87BC-E19E3E38535F}.Release|Any CPU.Build.0 = Release|Any CPU
		{609B3A6D-1B1F-4938-B265-595186B2A694}.Debug|Any CPU.ActiveCfg = Debug|Any CPU
		{609B3A6D-1B1F-4938-B265-595186B2A694}.Debug|Any CPU.Build.0 = Debug|Any CPU
		{609B3A6D-1B1F-4938-B265-595186B2A694}.Release|Any CPU.ActiveCfg = Release|Any CPU
		{609B3A6D-1B1F-4938-B265-595186B2A694}.Release|Any CPU.Build.0 = Release|Any CPU
		{4C93FE07-741E-41EA-B1B3-F8EA3A6A5074}.Debug|Any CPU.ActiveCfg = Debug|Any CPU
		{4C93FE07-741E-41EA-B1B3-F8EA3A6A5074}.Debug|Any CPU.Build.0 = Debug|Any CPU
		{4C93FE07-741E-41EA-B1B3-F8EA3A6A5074}.Release|Any CPU.ActiveCfg = Release|Any CPU
		{4C93FE07-741E-41EA-B1B3-F8EA3A6A5074}.Release|Any CPU.Build.0 = Release|Any CPU
		{39B1C948-41C3-4ECC-8F8B-40E7A8B99DA6}.Debug|Any CPU.ActiveCfg = Debug|Any CPU
		{39B1C948-41C3-4ECC-8F8B-40E7A8B99DA6}.Debug|Any CPU.Build.0 = Debug|Any CPU
		{39B1C948-41C3-4ECC-8F8B-40E7A8B99DA6}.Release|Any CPU.ActiveCfg = Release|Any CPU
		{39B1C948-41C3-4ECC-8F8B-40E7A8B99DA6}.Release|Any CPU.Build.0 = Release|Any CPU
		{3FD8E0B6-81DB-47A8-A468-294F8DBF45F4}.Debug|Any CPU.ActiveCfg = Debug|Any CPU
		{3FD8E0B6-81DB-47A8-A468-294F8DBF45F4}.Debug|Any CPU.Build.0 = Debug|Any CPU
		{3FD8E0B6-81DB-47A8-A468-294F8DBF45F4}.Release|Any CPU.ActiveCfg = Release|Any CPU
		{3FD8E0B6-81DB-47A8-A468-294F8DBF45F4}.Release|Any CPU.Build.0 = Release|Any CPU
		{8429A397-27AC-4763-BA7B-45D1EFDB8281}.Debug|Any CPU.ActiveCfg = Debug|Any CPU
		{8429A397-27AC-4763-BA7B-45D1EFDB8281}.Debug|Any CPU.Build.0 = Debug|Any CPU
		{8429A397-27AC-4763-BA7B-45D1EFDB8281}.Release|Any CPU.ActiveCfg = Release|Any CPU
		{8429A397-27AC-4763-BA7B-45D1EFDB8281}.Release|Any CPU.Build.0 = Release|Any CPU
	EndGlobalSection
	GlobalSection(SolutionProperties) = preSolution
		HideSolutionNode = FALSE
	EndGlobalSection
	GlobalSection(NestedProjects) = preSolution
		{3FD8E0B6-81DB-47A8-A468-294F8DBF45F4} = {A996DC18-E8EA-4209-9755-13A2A2DF5AF1}
		{8429A397-27AC-4763-BA7B-45D1EFDB8281} = {A996DC18-E8EA-4209-9755-13A2A2DF5AF1}
	EndGlobalSection
EndGlobal
